{
  "nodes": {
    "lowdown-src": {
      "flake": false,
      "locked": {
        "lastModified": 1633514407,
        "narHash": "sha256-Dw32tiMjdK9t3ETl5fzGrutQTzh2rufgZV4A/BbxuD4=",
        "owner": "kristapsdz",
        "repo": "lowdown",
        "rev": "d2c2b44ff6c27b936ec27358a2653caaef8f73b8",
        "type": "github"
      },
      "original": {
        "owner": "kristapsdz",
        "repo": "lowdown",
        "type": "github"
      }
    },
    "mini-compile-commands": {
      "flake": false,
      "locked": {
        "lastModified": 1668364794,
        "narHash": "sha256-6NmqQOJmKtX3gtc8pOnJd7yfXIWX89hwdsq0te8/NwY=",
        "owner": "danielbarter",
        "repo": "mini_compile_commands",
        "rev": "a609a8cf98e5ea8cafc624e9a5c96f18229c0996",
        "type": "github"
      },
      "original": {
        "owner": "danielbarter",
        "repo": "mini_compile_commands",
        "type": "github"
      }
    },
    "nixpkgs": {
      "locked": {
        "lastModified": 1670231960,
        "narHash": "sha256-n4eRvyLEddOHozVL61owcMZKDxx/ZruixtH70NS0LxQ=",
        "owner": "NixOS",
        "repo": "nixpkgs",
        "rev": "0b1bb5d28101cbb3fa798f100c618cb17f1632ef",
        "type": "github"
      },
      "original": {
        "owner": "NixOS",
        "ref": "nixos-22.11-small",
        "repo": "nixpkgs",
        "type": "github"
      }
    },
    "nixpkgs-regression": {
      "locked": {
        "lastModified": 1643052045,
        "narHash": "sha256-uGJ0VXIhWKGXxkeNnq4TvV3CIOkUJ3PAoLZ3HMzNVMw=",
        "owner": "NixOS",
        "repo": "nixpkgs",
        "rev": "215d4d0fd80ca5163643b03a33fde804a29cc1e2",
        "type": "github"
      },
      "original": {
        "owner": "NixOS",
        "repo": "nixpkgs",
        "rev": "215d4d0fd80ca5163643b03a33fde804a29cc1e2",
        "type": "github"
      }
    },
    "root": {
      "inputs": {
        "lowdown-src": "lowdown-src",
        "mini-compile-commands": "mini-compile-commands",
        "nixpkgs": "nixpkgs",
        "nixpkgs-regression": "nixpkgs-regression"
      }
    }
  },
  "root": "root",
  "version": 7
}
